
Microsoft Visual Studio Solution File, Format Version 12.00
# Visual Studio Version 17
VisualStudioVersion = 17.14.36121.58
MinimumVisualStudioVersion = 10.0.40219.1
Project("{FAE04EC0-301F-11D3-BF4B-00C04F79EFBC}") = "EcpSigner", "EcpSigner\EcpSigner.csproj", "{932AAE98-CFB6-4E2C-8104-A9892B4EB297}"
EndProject
Project("{2150E333-8FDC-42A3-9474-1A3956D46DE8}") = "src", "src", "{03C12601-E01E-42AF-9D3C-120FDFAD61E0}"
EndProject
Project("{2150E333-8FDC-42A3-9474-1A3956D46DE8}") = "tests", "tests", "{27AB2953-D9DF-44D6-8BD7-4F52CDFB1FC4}"
EndProject
Project("{FAE04EC0-301F-11D3-BF4B-00C04F79EFBC}") = "EcpSigner.Domain", "EcpSigner.Domain\EcpSigner.Domain.csproj", "{58692A3D-C079-400F-B4D1-F93A362AA199}"
EndProject
Project("{FAE04EC0-301F-11D3-BF4B-00C04F79EFBC}") = "EcpSigner.Application", "EcpSigner.Application\EcpSigner.Application.csproj", "{690CF2D0-466C-4DC7-9E95-0F696C6B2DB8}"
EndProject
Project("{FAE04EC0-301F-11D3-BF4B-00C04F79EFBC}") = "EcpSigner.Infrastructure", "EcpSigner.Infrastructure\EcpSigner.Infrastructure.csproj", "{5A57FF9A-0022-4554-8E0C-7A00EBB01390}"
EndProject
Project("{FAE04EC0-301F-11D3-BF4B-00C04F79EFBC}") = "EcpSigner.Application.Tests", "EcpSigner.Application.Tests\EcpSigner.Application.Tests.csproj", "{CE128B60-318E-4B5F-B1F5-CE71B9FE452E}"
EndProject
Project("{FAE04EC0-301F-11D3-BF4B-00C04F79EFBC}") = "EcpSigner.Domain.Tests", "EcpSigner.Domain.Tests\EcpSigner.Domain.Tests.csproj", "{D032374E-1E36-4D4F-9049-75917305F199}"
EndProject
Project("{FAE04EC0-301F-11D3-BF4B-00C04F79EFBC}") = "EcpSigner.Infrastructure.Tests", "EcpSigner.Infrastructure.Tests\EcpSigner.Infrastructure.Tests.csproj", "{813B1269-B697-4D0C-8D2D-65EDE8AA8723}"
EndProject
Project("{FAE04EC0-301F-11D3-BF4B-00C04F79EFBC}") = "EcpSigner.Tests", "EcpSigner.Tests\EcpSigner.Tests.csproj", "{F4F586A5-09AA-4D5A-A2E9-A15FD0610DE9}"
EndProject
Global
	GlobalSection(SolutionConfigurationPlatforms) = preSolution
		Debug|Any CPU = Debug|Any CPU
		Debug|x64 = Debug|x64
		Release|Any CPU = Release|Any CPU
		Release|x64 = Release|x64
	EndGlobalSection
	GlobalSection(ProjectConfigurationPlatforms) = postSolution
		{932AAE98-CFB6-4E2C-8104-A9892B4EB297}.Debug|Any CPU.ActiveCfg = Debug|Any CPU
		{932AAE98-CFB6-4E2C-8104-A9892B4EB297}.Debug|Any CPU.Build.0 = Debug|Any CPU
		{932AAE98-CFB6-4E2C-8104-A9892B4EB297}.Debug|x64.ActiveCfg = Debug|x64
		{932AAE98-CFB6-4E2C-8104-A9892B4EB297}.Debug|x64.Build.0 = Debug|x64
		{932AAE98-CFB6-4E2C-8104-A9892B4EB297}.Release|Any CPU.ActiveCfg = Release|Any CPU
		{932AAE98-CFB6-4E2C-8104-A9892B4EB297}.Release|Any CPU.Build.0 = Release|Any CPU
		{932AAE98-CFB6-4E2C-8104-A9892B4EB297}.Release|x64.ActiveCfg = Release|x64
		{932AAE98-CFB6-4E2C-8104-A9892B4EB297}.Release|x64.Build.0 = Release|x64
		{58692A3D-C079-400F-B4D1-F93A362AA199}.Debug|Any CPU.ActiveCfg = Debug|Any CPU
		{58692A3D-C079-400F-B4D1-F93A362AA199}.Debug|Any CPU.Build.0 = Debug|Any CPU
		{58692A3D-C079-400F-B4D1-F93A362AA199}.Debug|x64.ActiveCfg = Debug|x64
		{58692A3D-C079-400F-B4D1-F93A362AA199}.Debug|x64.Build.0 = Debug|x64
		{58692A3D-C079-400F-B4D1-F93A362AA199}.Release|Any CPU.ActiveCfg = Release|Any CPU
		{58692A3D-C079-400F-B4D1-F93A362AA199}.Release|Any CPU.Build.0 = Release|Any CPU
		{58692A3D-C079-400F-B4D1-F93A362AA199}.Release|x64.ActiveCfg = Release|x64
		{58692A3D-C079-400F-B4D1-F93A362AA199}.Release|x64.Build.0 = Release|x64
		{690CF2D0-466C-4DC7-9E95-0F696C6B2DB8}.Debug|Any CPU.ActiveCfg = Debug|Any CPU
		{690CF2D0-466C-4DC7-9E95-0F696C6B2DB8}.Debug|Any CPU.Build.0 = Debug|Any CPU
		{690CF2D0-466C-4DC7-9E95-0F696C6B2DB8}.Debug|x64.ActiveCfg = Debug|x64
		{690CF2D0-466C-4DC7-9E95-0F696C6B2DB8}.Debug|x64.Build.0 = Debug|x64
		{690CF2D0-466C-4DC7-9E95-0F696C6B2DB8}.Release|Any CPU.ActiveCfg = Release|Any CPU
		{690CF2D0-466C-4DC7-9E95-0F696C6B2DB8}.Release|Any CPU.Build.0 = Release|Any CPU
		{690CF2D0-466C-4DC7-9E95-0F696C6B2DB8}.Release|x64.ActiveCfg = Release|x64
		{690CF2D0-466C-4DC7-9E95-0F696C6B2DB8}.Release|x64.Build.0 = Release|x64
		{5A57FF9A-0022-4554-8E0C-7A00EBB01390}.Debug|Any CPU.ActiveCfg = Debug|Any CPU
		{5A57FF9A-0022-4554-8E0C-7A00EBB01390}.Debug|Any CPU.Build.0 = Debug|Any CPU
		{5A57FF9A-0022-4554-8E0C-7A00EBB01390}.Debug|x64.ActiveCfg = Debug|x64
		{5A57FF9A-0022-4554-8E0C-7A00EBB01390}.Debug|x64.Build.0 = Debug|x64
		{5A57FF9A-0022-4554-8E0C-7A00EBB01390}.Release|Any CPU.ActiveCfg = Release|Any CPU
		{5A57FF9A-0022-4554-8E0C-7A00EBB01390}.Release|Any CPU.Build.0 = Release|Any CPU
		{5A57FF9A-0022-4554-8E0C-7A00EBB01390}.Release|x64.ActiveCfg = Release|x64
		{5A57FF9A-0022-4554-8E0C-7A00EBB01390}.Release|x64.Build.0 = Release|x64
		{CE128B60-318E-4B5F-B1F5-CE71B9FE452E}.Debug|Any CPU.ActiveCfg = Debug|x64
		{CE128B60-318E-4B5F-B1F5-CE71B9FE452E}.Debug|Any CPU.Build.0 = Debug|x64
		{CE128B60-318E-4B5F-B1F5-CE71B9FE452E}.Debug|x64.ActiveCfg = Debug|x64
		{CE128B60-318E-4B5F-B1F5-CE71B9FE452E}.Debug|x64.Build.0 = Debug|x64
		{CE128B60-318E-4B5F-B1F5-CE71B9FE452E}.Release|Any CPU.ActiveCfg = Release|Any CPU
		{CE128B60-318E-4B5F-B1F5-CE71B9FE452E}.Release|Any CPU.Build.0 = Release|Any CPU
		{CE128B60-318E-4B5F-B1F5-CE71B9FE452E}.Release|x64.ActiveCfg = Release|x64
		{CE128B60-318E-4B5F-B1F5-CE71B9FE452E}.Release|x64.Build.0 = Release|x64
		{D032374E-1E36-4D4F-9049-75917305F199}.Debug|Any CPU.ActiveCfg = Debug|x64
		{D032374E-1E36-4D4F-9049-75917305F199}.Debug|Any CPU.Build.0 = Debug|x64
		{D032374E-1E36-4D4F-9049-75917305F199}.Debug|x64.ActiveCfg = Debug|x64
		{D032374E-1E36-4D4F-9049-75917305F199}.Debug|x64.Build.0 = Debug|x64
		{D032374E-1E36-4D4F-9049-75917305F199}.Release|Any CPU.ActiveCfg = Release|Any CPU
		{D032374E-1E36-4D4F-9049-75917305F199}.Release|Any CPU.Build.0 = Release|Any CPU
		{D032374E-1E36-4D4F-9049-75917305F199}.Release|x64.ActiveCfg = Release|x64
		{D032374E-1E36-4D4F-9049-75917305F199}.Release|x64.Build.0 = Release|x64
		{813B1269-B697-4D0C-8D2D-65EDE8AA8723}.Debug|Any CPU.ActiveCfg = Debug|x64
		{813B1269-B697-4D0C-8D2D-65EDE8AA8723}.Debug|Any CPU.Build.0 = Debug|x64
		{813B1269-B697-4D0C-8D2D-65EDE8AA8723}.Debug|x64.ActiveCfg = Debug|x64
		{813B1269-B697-4D0C-8D2D-65EDE8AA8723}.Debug|x64.Build.0 = Debug|x64
		{813B1269-B697-4D0C-8D2D-65EDE8AA8723}.Release|Any CPU.ActiveCfg = Release|Any CPU
		{813B1269-B697-4D0C-8D2D-65EDE8AA8723}.Release|Any CPU.Build.0 = Release|Any CPU
		{813B1269-B697-4D0C-8D2D-65EDE8AA8723}.Release|x64.ActiveCfg = Release|x64
		{813B1269-B697-4D0C-8D2D-65EDE8AA8723}.Release|x64.Build.0 = Release|x64
		{F4F586A5-09AA-4D5A-A2E9-A15FD0610DE9}.Debug|Any CPU.ActiveCfg = Debug|x64
		{F4F586A5-09AA-4D5A-A2E9-A15FD0610DE9}.Debug|Any CPU.Build.0 = Debug|x64
		{F4F586A5-09AA-4D5A-A2E9-A15FD0610DE9}.Debug|x64.ActiveCfg = Debug|x64
		{F4F586A5-09AA-4D5A-A2E9-A15FD0610DE9}.Debug|x64.Build.0 = Debug|x64
		{F4F586A5-09AA-4D5A-A2E9-A15FD0610DE9}.Release|Any CPU.ActiveCfg = Release|Any CPU
		{F4F586A5-09AA-4D5A-A2E9-A15FD0610DE9}.Release|Any CPU.Build.0 = Release|Any CPU
		{F4F586A5-09AA-4D5A-A2E9-A15FD0610DE9}.Release|x64.ActiveCfg = Release|x64
		{F4F586A5-09AA-4D5A-A2E9-A15FD0610DE9}.Release|x64.Build.0 = Release|x64
	EndGlobalSection
	GlobalSection(SolutionProperties) = preSolution
		HideSolutionNode = FALSE
	EndGlobalSection
	GlobalSection(NestedProjects) = preSolution
		{932AAE98-CFB6-4E2C-8104-A9892B4EB297} = {03C12601-E01E-42AF-9D3C-120FDFAD61E0}
		{58692A3D-C079-400F-B4D1-F93A362AA199} = {03C12601-E01E-42AF-9D3C-120FDFAD61E0}
		{690CF2D0-466C-4DC7-9E95-0F696C6B2DB8} = {03C12601-E01E-42AF-9D3C-120FDFAD61E0}
		{5A57FF9A-0022-4554-8E0C-7A00EBB01390} = {03C12601-E01E-42AF-9D3C-120FDFAD61E0}
		{CE128B60-318E-4B5F-B1F5-CE71B9FE452E} = {27AB2953-D9DF-44D6-8BD7-4F52CDFB1FC4}
		{D032374E-1E36-4D4F-9049-75917305F199} = {27AB2953-D9DF-44D6-8BD7-4F52CDFB1FC4}
		{813B1269-B697-4D0C-8D2D-65EDE8AA8723} = {27AB2953-D9DF-44D6-8BD7-4F52CDFB1FC4}
		{F4F586A5-09AA-4D5A-A2E9-A15FD0610DE9} = {27AB2953-D9DF-44D6-8BD7-4F52CDFB1FC4}
	EndGlobalSection
	GlobalSection(ExtensibilityGlobals) = postSolution
		SolutionGuid = {C2593316-A784-4068-BB2F-85B3ABC3A299}
	EndGlobalSection
EndGlobal
